
Microsoft Visual Studio Solution File, Format Version 12.00
# Visual Studio Version 17
VisualStudioVersion = 17.9.34728.123
MinimumVisualStudioVersion = 10.0.40219.1
Project("{888888A0-9F3D-457C-B088-3A5042F75D52}") = "Shutdown Computer macOS", "Shutdown Computer macOS.pyproj", "{701E7350-E900-445F-9F0C-819FAC6A84BB}"
EndProject
Global
	GlobalSection(SolutionConfigurationPlatforms) = preSolution
		Debug|Any CPU = Debug|Any CPU
		Release|Any CPU = Release|Any CPU
	EndGlobalSection
	GlobalSection(ProjectConfigurationPlatforms) = postSolution
		{701E7350-E900-445F-9F0C-819FAC6A84BB}.Debug|Any CPU.ActiveCfg = Debug|Any CPU
		{701E7350-E900-445F-9F0C-819FAC6A84BB}.Release|Any CPU.ActiveCfg = Release|Any CPU
	EndGlobalSection
	GlobalSection(SolutionProperties) = preSolution
		HideSolutionNode = FALSE
	EndGlobalSection
	GlobalSection(ExtensibilityGlobals) = postSolution
		SolutionGuid = {234F91CE-17F8-4EEF-8725-C8F774C98316}
	EndGlobalSection
EndGlobal
